{
  "name": "mvdmio.hotwire.net",
  "version": "1.0.0",
  "lockfileVersion": 3,
  "requires": true,
  "packages": {
    "": {
      "name": "mvdmio.hotwire.net",
      "version": "1.0.0",
      "license": "ISC",
      "devDependencies": {
        "@hotwired/stimulus": "^3.2.2",
        "@hotwired/turbo": "^8.0.2"
      }
    },
    "node_modules/@hotwired/stimulus": {
      "version": "3.2.2",
      "resolved": "https://registry.npmjs.org/@hotwired/stimulus/-/stimulus-3.2.2.tgz",
      "integrity": "sha512-eGeIqNOQpXoPAIP7tC1+1Yc1yl1xnwYqg+3mzqxyrbE5pg5YFBZcA6YoTiByJB6DKAEsiWtl6tjTJS4IYtbB7A==",
      "dev": true
    },
    "node_modules/@hotwired/turbo": {
      "version": "8.0.2",
      "resolved": "https://registry.npmjs.org/@hotwired/turbo/-/turbo-8.0.2.tgz",
      "integrity": "sha512-3K6QZkwWfosAV8zuM5bY+kKF02jp1lMQGsWfSE6wXdZBRBP3ah+Vj26YNqYtkEomBwRWA0QKhZgyJP7xOQkVEg==",
      "dev": true,
      "engines": {
        "node": ">= 14"
      }
    }
  }
}
